
Microsoft Visual Studio Solution File, Format Version 12.00
# Visual Studio Version 17
VisualStudioVersion = 17.4.33110.190
MinimumVisualStudioVersion = 10.0.40219.1
Project("{8BC9CEB8-8B4A-11D0-8D11-00A0C91BC942}") = "Course-Project", "Course-Project\Course-Project.vcxproj", "{77E18EA0-9CF3-4515-9AE9-5D71A2BBCD38}"
EndProject
Global
	GlobalSection(SolutionConfigurationPlatforms) = preSolution
		Debug|x64 = Debug|x64
		Debug|x86 = Debug|x86
		Release|x64 = Release|x64
		Release|x86 = Release|x86
	EndGlobalSection
	GlobalSection(ProjectConfigurationPlatforms) = postSolution
		{77E18EA0-9CF3-4515-9AE9-5D71A2BBCD38}.Debug|x64.ActiveCfg = Debug|x64
		{77E18EA0-9CF3-4515-9AE9-5D71A2BBCD38}.Debug|x64.Build.0 = Debug|x64
		{77E18EA0-9CF3-4515-9AE9-5D71A2BBCD38}.Debug|x86.ActiveCfg = Debug|Win32
		{77E18EA0-9CF3-4515-9AE9-5D71A2BBCD38}.Debug|x86.Build.0 = Debug|Win32
		{77E18EA0-9CF3-4515-9AE9-5D71A2BBCD38}.Release|x64.ActiveCfg = Release|x64
		{77E18EA0-9CF3-4515-9AE9-5D71A2BBCD38}.Release|x64.Build.0 = Release|x64
		{77E18EA0-9CF3-4515-9AE9-5D71A2BBCD38}.Release|x86.ActiveCfg = Release|Win32
		{77E18EA0-9CF3-4515-9AE9-5D71A2BBCD38}.Release|x86.Build.0 = Release|Win32
	EndGlobalSection
	GlobalSection(SolutionProperties) = preSolution
		HideSolutionNode = FALSE
	EndGlobalSection
	GlobalSection(ExtensibilityGlobals) = postSolution
		SolutionGuid = {AC640BDD-C37E-45FA-8A09-3A3487A9F2A7}
	EndGlobalSection
EndGlobal
