
Microsoft Visual Studio Solution File, Format Version 12.00
# Visual Studio Version 17
VisualStudioVersion = 17.3.32929.385
MinimumVisualStudioVersion = 10.0.40219.1
Project("{8BC9CEB8-8B4A-11D0-8D11-00A0C91BC942}") = "01.Example-1", "01-Example\01-Example.vcxproj", "{759AF7FB-A816-462F-B547-62F11D21DA54}"
EndProject
Project("{8BC9CEB8-8B4A-11D0-8D11-00A0C91BC942}") = "01.Example-2", "02.Example\02.Example.vcxproj", "{7A1E27CF-4955-44AD-AC1D-817DD59CC3DD}"
EndProject
Project("{8BC9CEB8-8B4A-11D0-8D11-00A0C91BC942}") = "01.Example-3", "03.Example\03.Example.vcxproj", "{B034A645-A467-4A09-BB25-22FF98A551DB}"
EndProject
Project("{8BC9CEB8-8B4A-11D0-8D11-00A0C91BC942}") = "02.Exercise-1", "01.Exercise-1\01.Exercise-1.vcxproj", "{3E5A47AC-D72A-49B2-AAB6-1D0CC8376AE5}"
EndProject
Project("{8BC9CEB8-8B4A-11D0-8D11-00A0C91BC942}") = "02.Exercise-2", "02.Exercise-2\02.Exercise-2.vcxproj", "{26767FCD-E75B-4763-A0A9-136CDE4150F7}"
EndProject
Global
	GlobalSection(SolutionConfigurationPlatforms) = preSolution
		Debug|x64 = Debug|x64
		Debug|x86 = Debug|x86
		Release|x64 = Release|x64
		Release|x86 = Release|x86
	EndGlobalSection
	GlobalSection(ProjectConfigurationPlatforms) = postSolution
		{759AF7FB-A816-462F-B547-62F11D21DA54}.Debug|x64.ActiveCfg = Debug|x64
		{759AF7FB-A816-462F-B547-62F11D21DA54}.Debug|x64.Build.0 = Debug|x64
		{759AF7FB-A816-462F-B547-62F11D21DA54}.Debug|x86.ActiveCfg = Debug|Win32
		{759AF7FB-A816-462F-B547-62F11D21DA54}.Debug|x86.Build.0 = Debug|Win32
		{759AF7FB-A816-462F-B547-62F11D21DA54}.Release|x64.ActiveCfg = Release|x64
		{759AF7FB-A816-462F-B547-62F11D21DA54}.Release|x64.Build.0 = Release|x64
		{759AF7FB-A816-462F-B547-62F11D21DA54}.Release|x86.ActiveCfg = Release|Win32
		{759AF7FB-A816-462F-B547-62F11D21DA54}.Release|x86.Build.0 = Release|Win32
		{7A1E27CF-4955-44AD-AC1D-817DD59CC3DD}.Debug|x64.ActiveCfg = Debug|x64
		{7A1E27CF-4955-44AD-AC1D-817DD59CC3DD}.Debug|x64.Build.0 = Debug|x64
		{7A1E27CF-4955-44AD-AC1D-817DD59CC3DD}.Debug|x86.ActiveCfg = Debug|Win32
		{7A1E27CF-4955-44AD-AC1D-817DD59CC3DD}.Debug|x86.Build.0 = Debug|Win32
		{7A1E27CF-4955-44AD-AC1D-817DD59CC3DD}.Release|x64.ActiveCfg = Release|x64
		{7A1E27CF-4955-44AD-AC1D-817DD59CC3DD}.Release|x64.Build.0 = Release|x64
		{7A1E27CF-4955-44AD-AC1D-817DD59CC3DD}.Release|x86.ActiveCfg = Release|Win32
		{7A1E27CF-4955-44AD-AC1D-817DD59CC3DD}.Release|x86.Build.0 = Release|Win32
		{B034A645-A467-4A09-BB25-22FF98A551DB}.Debug|x64.ActiveCfg = Debug|x64
		{B034A645-A467-4A09-BB25-22FF98A551DB}.Debug|x64.Build.0 = Debug|x64
		{B034A645-A467-4A09-BB25-22FF98A551DB}.Debug|x86.ActiveCfg = Debug|Win32
		{B034A645-A467-4A09-BB25-22FF98A551DB}.Debug|x86.Build.0 = Debug|Win32
		{B034A645-A467-4A09-BB25-22FF98A551DB}.Release|x64.ActiveCfg = Release|x64
		{B034A645-A467-4A09-BB25-22FF98A551DB}.Release|x64.Build.0 = Release|x64
		{B034A645-A467-4A09-BB25-22FF98A551DB}.Release|x86.ActiveCfg = Release|Win32
		{B034A645-A467-4A09-BB25-22FF98A551DB}.Release|x86.Build.0 = Release|Win32
		{3E5A47AC-D72A-49B2-AAB6-1D0CC8376AE5}.Debug|x64.ActiveCfg = Debug|x64
		{3E5A47AC-D72A-49B2-AAB6-1D0CC8376AE5}.Debug|x64.Build.0 = Debug|x64
		{3E5A47AC-D72A-49B2-AAB6-1D0CC8376AE5}.Debug|x86.ActiveCfg = Debug|Win32
		{3E5A47AC-D72A-49B2-AAB6-1D0CC8376AE5}.Debug|x86.Build.0 = Debug|Win32
		{3E5A47AC-D72A-49B2-AAB6-1D0CC8376AE5}.Release|x64.ActiveCfg = Release|x64
		{3E5A47AC-D72A-49B2-AAB6-1D0CC8376AE5}.Release|x64.Build.0 = Release|x64
		{3E5A47AC-D72A-49B2-AAB6-1D0CC8376AE5}.Release|x86.ActiveCfg = Release|Win32
		{3E5A47AC-D72A-49B2-AAB6-1D0CC8376AE5}.Release|x86.Build.0 = Release|Win32
		{26767FCD-E75B-4763-A0A9-136CDE4150F7}.Debug|x64.ActiveCfg = Debug|x64
		{26767FCD-E75B-4763-A0A9-136CDE4150F7}.Debug|x64.Build.0 = Debug|x64
		{26767FCD-E75B-4763-A0A9-136CDE4150F7}.Debug|x86.ActiveCfg = Debug|Win32
		{26767FCD-E75B-4763-A0A9-136CDE4150F7}.Debug|x86.Build.0 = Debug|Win32
		{26767FCD-E75B-4763-A0A9-136CDE4150F7}.Release|x64.ActiveCfg = Release|x64
		{26767FCD-E75B-4763-A0A9-136CDE4150F7}.Release|x64.Build.0 = Release|x64
		{26767FCD-E75B-4763-A0A9-136CDE4150F7}.Release|x86.ActiveCfg = Release|Win32
		{26767FCD-E75B-4763-A0A9-136CDE4150F7}.Release|x86.Build.0 = Release|Win32
	EndGlobalSection
	GlobalSection(SolutionProperties) = preSolution
		HideSolutionNode = FALSE
	EndGlobalSection
	GlobalSection(ExtensibilityGlobals) = postSolution
		SolutionGuid = {CFBDFFFA-0CB7-495F-80B6-E3C58487A3A6}
	EndGlobalSection
EndGlobal
